// !$*UTF8*$!
{
	archiveVersion = 1;
	classes = {
	};
	objectVersion = 48;
	objects = {

/* Begin PBXBuildFile section */
		233FC9091FB85B14008F42E7 /* AppDelegate.swift in Sources */ = {isa = PBXBuildFile; fileRef = 233FC9081FB85B14008F42E7 /* AppDelegate.swift */; };
		233FC90B1FB85B14008F42E7 /* ViewController.swift in Sources */ = {isa = PBXBuildFile; fileRef = 233FC90A1FB85B14008F42E7 /* ViewController.swift */; };
		233FC90E1FB85B14008F42E7 /* Main.storyboard in Resources */ = {isa = PBXBuildFile; fileRef = 233FC90C1FB85B14008F42E7 /* Main.storyboard */; };
		233FC9101FB85B14008F42E7 /* Assets.xcassets in Resources */ = {isa = PBXBuildFile; fileRef = 233FC90F1FB85B14008F42E7 /* Assets.xcassets */; };
		233FC9131FB85B14008F42E7 /* LaunchScreen.storyboard in Resources */ = {isa = PBXBuildFile; fileRef = 233FC9111FB85B14008F42E7 /* LaunchScreen.storyboard */; };
		233FC91E1FB85B15008F42E7 /* skoalTests.swift in Sources */ = {isa = PBXBuildFile; fileRef = 233FC91D1FB85B15008F42E7 /* skoalTests.swift */; };
		233FC9291FB85B15008F42E7 /* skoalUITests.swift in Sources */ = {isa = PBXBuildFile; fileRef = 233FC9281FB85B15008F42E7 /* skoalUITests.swift */; };
/* End PBXBuildFile section */

/* Begin PBXContainerItemProxy section */
		233FC91A1FB85B15008F42E7 /* PBXContainerItemProxy */ = {
			isa = PBXContainerItemProxy;
			containerPortal = 233FC8FD1FB85B14008F42E7 /* Project object */;
			proxyType = 1;
			remoteGlobalIDString = 233FC9041FB85B14008F42E7;
			remoteInfo = skoal;
		};
		233FC9251FB85B15008F42E7 /* PBXContainerItemProxy */ = {
			isa = PBXContainerItemProxy;
			containerPortal = 233FC8FD1FB85B14008F42E7 /* Project object */;
			proxyType = 1;
			remoteGlobalIDString = 233FC9041FB85B14008F42E7;
			remoteInfo = skoal;
		};
/* End PBXContainerItemProxy section */

/* Begin PBXFileReference section */
		233FC9051FB85B14008F42E7 /* skoal.app */ = {isa = PBXFileReference; explicitFileType = wrapper.application; includeInIndex = 0; path = skoal.app; sourceTree = BUILT_PRODUCTS_DIR; };
		233FC9081FB85B14008F42E7 /* AppDelegate.swift */ = {isa = PBXFileReference; lastKnownFileType = sourcecode.swift; path = AppDelegate.swift; sourceTree = "<group>"; };
		233FC90A1FB85B14008F42E7 /* ViewController.swift */ = {isa = PBXFileReference; lastKnownFileType = sourcecode.swift; path = ViewController.swift; sourceTree = "<group>"; };
		233FC90D1FB85B14008F42E7 /* Base */ = {isa = PBXFileReference; lastKnownFileType = file.storyboard; name = Base; path = Base.lproj/Main.storyboard; sourceTree = "<group>"; };
		233FC90F1FB85B14008F42E7 /* Assets.xcassets */ = {isa = PBXFileReference; lastKnownFileType = folder.assetcatalog; path = Assets.xcassets; sourceTree = "<group>"; };
		233FC9121FB85B14008F42E7 /* Base */ = {isa = PBXFileReference; lastKnownFileType = file.storyboard; name = Base; path = Base.lproj/LaunchScreen.storyboard; sourceTree = "<group>"; };
		233FC9141FB85B14008F42E7 /* Info.plist */ = {isa = PBXFileReference; lastKnownFileType = text.plist.xml; path = Info.plist; sourceTree = "<group>"; };
		233FC9191FB85B15008F42E7 /* skoalTests.xctest */ = {isa = PBXFileReference; explicitFileType = wrapper.cfbundle; includeInIndex = 0; path = skoalTests.xctest; sourceTree = BUILT_PRODUCTS_DIR; };
		233FC91D1FB85B15008F42E7 /* skoalTests.swift */ = {isa = PBXFileReference; lastKnownFileType = sourcecode.swift; path = skoalTests.swift; sourceTree = "<group>"; };
		233FC91F1FB85B15008F42E7 /* Info.plist */ = {isa = PBXFileReference; lastKnownFileType = text.plist.xml; path = Info.plist; sourceTree = "<group>"; };
		233FC9241FB85B15008F42E7 /* skoalUITests.xctest */ = {isa = PBXFileReference; explicitFileType = wrapper.cfbundle; includeInIndex = 0; path = skoalUITests.xctest; sourceTree = BUILT_PRODUCTS_DIR; };
		233FC9281FB85B15008F42E7 /* skoalUITests.swift */ = {isa = PBXFileReference; lastKnownFileType = sourcecode.swift; path = skoalUITests.swift; sourceTree = "<group>"; };
		233FC92A1FB85B15008F42E7 /* Info.plist */ = {isa = PBXFileReference; lastKnownFileType = text.plist.xml; path = Info.plist; sourceTree = "<group>"; };
/* End PBXFileReference section */

/* Begin PBXFrameworksBuildPhase section */
		233FC9021FB85B14008F42E7 /* Frameworks */ = {
			isa = PBXFrameworksBuildPhase;
			buildActionMask = 2147483647;
			files = (
			);
			runOnlyForDeploymentPostprocessing = 0;
		};
		233FC9161FB85B15008F42E7 /* Frameworks */ = {
			isa = PBXFrameworksBuildPhase;
			buildActionMask = 2147483647;
			files = (
			);
			runOnlyForDeploymentPostprocessing = 0;
		};
		233FC9211FB85B15008F42E7 /* Frameworks */ = {
			isa = PBXFrameworksBuildPhase;
			buildActionMask = 2147483647;
			files = (
			);
			runOnlyForDeploymentPostprocessing = 0;
		};
/* End PBXFrameworksBuildPhase section */

/* Begin PBXGroup section */
		233FC8FC1FB85B14008F42E7 = {
			isa = PBXGroup;
			children = (
				233FC9071FB85B14008F42E7 /* skoal */,
				233FC91C1FB85B15008F42E7 /* skoalTests */,
				233FC9271FB85B15008F42E7 /* skoalUITests */,
				233FC9061FB85B14008F42E7 /* Products */,
			);
			sourceTree = "<group>";
		};
		233FC9061FB85B14008F42E7 /* Products */ = {
			isa = PBXGroup;
			children = (
				233FC9051FB85B14008F42E7 /* skoal.app */,
				233FC9191FB85B15008F42E7 /* skoalTests.xctest */,
				233FC9241FB85B15008F42E7 /* skoalUITests.xctest */,
			);
			name = Products;
			sourceTree = "<group>";
		};
		233FC9071FB85B14008F42E7 /* skoal */ = {
			isa = PBXGroup;
			children = (
				233FC9081FB85B14008F42E7 /* AppDelegate.swift */,
				233FC90A1FB85B14008F42E7 /* ViewController.swift */,
				233FC90C1FB85B14008F42E7 /* Main.storyboard */,
				233FC90F1FB85B14008F42E7 /* Assets.xcassets */,
				233FC9111FB85B14008F42E7 /* LaunchScreen.storyboard */,
				233FC9141FB85B14008F42E7 /* Info.plist */,
			);
			path = skoal;
			sourceTree = "<group>";
		};
		233FC91C1FB85B15008F42E7 /* skoalTests */ = {
			isa = PBXGroup;
			children = (
				233FC91D1FB85B15008F42E7 /* skoalTests.swift */,
				233FC91F1FB85B15008F42E7 /* Info.plist */,
			);
			path = skoalTests;
			sourceTree = "<group>";
		};
		233FC9271FB85B15008F42E7 /* skoalUITests */ = {
			isa = PBXGroup;
			children = (
				233FC9281FB85B15008F42E7 /* skoalUITests.swift */,
				233FC92A1FB85B15008F42E7 /* Info.plist */,
			);
			path = skoalUITests;
			sourceTree = "<group>";
		};
/* End PBXGroup section */

/* Begin PBXNativeTarget section */
		233FC9041FB85B14008F42E7 /* skoal */ = {
			isa = PBXNativeTarget;
			buildConfigurationList = 233FC92D1FB85B15008F42E7 /* Build configuration list for PBXNativeTarget "skoal" */;
			buildPhases = (
				233FC9011FB85B14008F42E7 /* Sources */,
				233FC9021FB85B14008F42E7 /* Frameworks */,
				233FC9031FB85B14008F42E7 /* Resources */,
			);
			buildRules = (
			);
			dependencies = (
			);
			name = skoal;
			productName = skoal;
			productReference = 233FC9051FB85B14008F42E7 /* skoal.app */;
			productType = "com.apple.product-type.application";
		};
		233FC9181FB85B15008F42E7 /* skoalTests */ = {
			isa = PBXNativeTarget;
			buildConfigurationList = 233FC9301FB85B15008F42E7 /* Build configuration list for PBXNativeTarget "skoalTests" */;
			buildPhases = (
				233FC9151FB85B15008F42E7 /* Sources */,
				233FC9161FB85B15008F42E7 /* Frameworks */,
				233FC9171FB85B15008F42E7 /* Resources */,
			);
			buildRules = (
			);
			dependencies = (
				233FC91B1FB85B15008F42E7 /* PBXTargetDependency */,
			);
			name = skoalTests;
			productName = skoalTests;
			productReference = 233FC9191FB85B15008F42E7 /* skoalTests.xctest */;
			productType = "com.apple.product-type.bundle.unit-test";
		};
		233FC9231FB85B15008F42E7 /* skoalUITests */ = {
			isa = PBXNativeTarget;
			buildConfigurationList = 233FC9331FB85B15008F42E7 /* Build configuration list for PBXNativeTarget "skoalUITests" */;
			buildPhases = (
				233FC9201FB85B15008F42E7 /* Sources */,
				233FC9211FB85B15008F42E7 /* Frameworks */,
				233FC9221FB85B15008F42E7 /* Resources */,
			);
			buildRules = (
			);
			dependencies = (
				233FC9261FB85B15008F42E7 /* PBXTargetDependency */,
			);
			name = skoalUITests;
			productName = skoalUITests;
			productReference = 233FC9241FB85B15008F42E7 /* skoalUITests.xctest */;
			productType = "com.apple.product-type.bundle.ui-testing";
		};
/* End PBXNativeTarget section */

/* Begin PBXProject section */
		233FC8FD1FB85B14008F42E7 /* Project object */ = {
			isa = PBXProject;
			attributes = {
				LastSwiftUpdateCheck = 0910;
				LastUpgradeCheck = 0910;
				ORGANIZATIONNAME = GREENBANYAN;
				TargetAttributes = {
					233FC9041FB85B14008F42E7 = {
						CreatedOnToolsVersion = 9.1;
						ProvisioningStyle = Automatic;
					};
					233FC9181FB85B15008F42E7 = {
						CreatedOnToolsVersion = 9.1;
						ProvisioningStyle = Automatic;
						TestTargetID = 233FC9041FB85B14008F42E7;
					};
					233FC9231FB85B15008F42E7 = {
						CreatedOnToolsVersion = 9.1;
						ProvisioningStyle = Automatic;
						TestTargetID = 233FC9041FB85B14008F42E7;
					};
				};
			};
			buildConfigurationList = 233FC9001FB85B14008F42E7 /* Build configuration list for PBXProject "skoal" */;
			compatibilityVersion = "Xcode 8.0";
			developmentRegion = en;
			hasScannedForEncodings = 0;
			knownRegions = (
				en,
				Base,
			);
			mainGroup = 233FC8FC1FB85B14008F42E7;
			productRefGroup = 233FC9061FB85B14008F42E7 /* Products */;
			projectDirPath = "";
			projectRoot = "";
			targets = (
				233FC9041FB85B14008F42E7 /* skoal */,
				233FC9181FB85B15008F42E7 /* skoalTests */,
				233FC9231FB85B15008F42E7 /* skoalUITests */,
			);
		};
/* End PBXProject section */

/* Begin PBXResourcesBuildPhase section */
		233FC9031FB85B14008F42E7 /* Resources */ = {
			isa = PBXResourcesBuildPhase;
			buildActionMask = 2147483647;
			files = (
				233FC9131FB85B14008F42E7 /* LaunchScreen.storyboard in Resources */,
				233FC9101FB85B14008F42E7 /* Assets.xcassets in Resources */,
				233FC90E1FB85B14008F42E7 /* Main.storyboard in Resources */,
			);
			runOnlyForDeploymentPostprocessing = 0;
		};
		233FC9171FB85B15008F42E7 /* Resources */ = {
			isa = PBXResourcesBuildPhase;
			buildActionMask = 2147483647;
			files = (
			);
			runOnlyForDeploymentPostprocessing = 0;
		};
		233FC9221FB85B15008F42E7 /* Resources */ = {
			isa = PBXResourcesBuildPhase;
			buildActionMask = 2147483647;
			files = (
			);
			runOnlyForDeploymentPostprocessing = 0;
		};
/* End PBXResourcesBuildPhase section */

/* Begin PBXSourcesBuildPhase section */
		233FC9011FB85B14008F42E7 /* Sources */ = {
			isa = PBXSourcesBuildPhase;
			buildActionMask = 2147483647;
			files = (
				233FC90B1FB85B14008F42E7 /* ViewController.swift in Sources */,
				233FC9091FB85B14008F42E7 /* AppDelegate.swift in Sources */,
			);
			runOnlyForDeploymentPostprocessing = 0;
		};
		233FC9151FB85B15008F42E7 /* Sources */ = {
			isa = PBXSourcesBuildPhase;
			buildActionMask = 2147483647;
			files = (
				233FC91E1FB85B15008F42E7 /* skoalTests.swift in Sources */,
			);
			runOnlyForDeploymentPostprocessing = 0;
		};
		233FC9201FB85B15008F42E7 /* Sources */ = {
			isa = PBXSourcesBuildPhase;
			buildActionMask = 2147483647;
			files = (
				233FC9291FB85B15008F42E7 /* skoalUITests.swift in Sources */,
			);
			runOnlyForDeploymentPostprocessing = 0;
		};
/* End PBXSourcesBuildPhase section */

/* Begin PBXTargetDependency section */
		233FC91B1FB85B15008F42E7 /* PBXTargetDependency */ = {
			isa = PBXTargetDependency;
			target = 233FC9041FB85B14008F42E7 /* skoal */;
			targetProxy = 233FC91A1FB85B15008F42E7 /* PBXContainerItemProxy */;
		};
		233FC9261FB85B15008F42E7 /* PBXTargetDependency */ = {
			isa = PBXTargetDependency;
			target = 233FC9041FB85B14008F42E7 /* skoal */;
			targetProxy = 233FC9251FB85B15008F42E7 /* PBXContainerItemProxy */;
		};
/* End PBXTargetDependency section */

/* Begin PBXVariantGroup section */
		233FC90C1FB85B14008F42E7 /* Main.storyboard */ = {
			isa = PBXVariantGroup;
			children = (
				233FC90D1FB85B14008F42E7 /* Base */,
			);
			name = Main.storyboard;
			sourceTree = "<group>";
		};
		233FC9111FB85B14008F42E7 /* LaunchScreen.storyboard */ = {
			isa = PBXVariantGroup;
			children = (
				233FC9121FB85B14008F42E7 /* Base */,
			);
			name = LaunchScreen.storyboard;
			sourceTree = "<group>";
		};
/* End PBXVariantGroup section */

/* Begin XCBuildConfiguration section */
		233FC92B1FB85B15008F42E7 /* Debug */ = {
			isa = XCBuildConfiguration;
			buildSettings = {
				ALWAYS_SEARCH_USER_PATHS = NO;
				CLANG_ANALYZER_NONNULL = YES;
				CLANG_ANALYZER_NUMBER_OBJECT_CONVERSION = YES_AGGRESSIVE;
				CLANG_CXX_LANGUAGE_STANDARD = "gnu++14";
				CLANG_CXX_LIBRARY = "libc++";
				CLANG_ENABLE_MODULES = YES;
				CLANG_ENABLE_OBJC_ARC = YES;
				CLANG_WARN_BLOCK_CAPTURE_AUTORELEASING = YES;
				CLANG_WARN_BOOL_CONVERSION = YES;
				CLANG_WARN_COMMA = YES;
				CLANG_WARN_CONSTANT_CONVERSION = YES;
				CLANG_WARN_DIRECT_OBJC_ISA_USAGE = YES_ERROR;
				CLANG_WARN_DOCUMENTATION_COMMENTS = YES;
				CLANG_WARN_EMPTY_BODY = YES;
				CLANG_WARN_ENUM_CONVERSION = YES;
				CLANG_WARN_INFINITE_RECURSION = YES;
				CLANG_WARN_INT_CONVERSION = YES;
				CLANG_WARN_NON_LITERAL_NULL_CONVERSION = YES;
				CLANG_WARN_OBJC_LITERAL_CONVERSION = YES;
				CLANG_WARN_OBJC_ROOT_CLASS = YES_ERROR;
				CLANG_WARN_RANGE_LOOP_ANALYSIS = YES;
				CLANG_WARN_STRICT_PROTOTYPES = YES;
				CLANG_WARN_SUSPICIOUS_MOVE = YES;
				CLANG_WARN_UNGUARDED_AVAILABILITY = YES_AGGRESSIVE;
				CLANG_WARN_UNREACHABLE_CODE = YES;
				CLANG_WARN__DUPLICATE_METHOD_MATCH = YES;
				CODE_SIGN_IDENTITY = "iPhone Developer";
				COPY_PHASE_STRIP = NO;
				DEBUG_INFORMATION_FORMAT = dwarf;
				ENABLE_STRICT_OBJC_MSGSEND = YES;
				ENABLE_TESTABILITY = YES;
				GCC_C_LANGUAGE_STANDARD = gnu11;
				GCC_DYNAMIC_NO_PIC = NO;
				GCC_NO_COMMON_BLOCKS = YES;
				GCC_OPTIMIZATION_LEVEL = 0;
				GCC_PREPROCESSOR_DEFINITIONS = (
					"DEBUG=1",
					"$(inherited)",
				);
				GCC_WARN_64_TO_32_BIT_CONVERSION = YES;
				GCC_WARN_ABOUT_RETURN_TYPE = YES_ERROR;
				GCC_WARN_UNDECLARED_SELECTOR = YES;
				GCC_WARN_UNINITIALIZED_AUTOS = YES_AGGRESSIVE;
				GCC_WARN_UNUSED_FUNCTION = YES;
				GCC_WARN_UNUSED_VARIABLE = YES;
				IPHONEOS_DEPLOYMENT_TARGET = 11.1;
				MTL_ENABLE_DEBUG_INFO = YES;
				ONLY_ACTIVE_ARCH = YES;
				SDKROOT = iphoneos;
				SWIFT_ACTIVE_COMPILATION_CONDITIONS = DEBUG;
				SWIFT_OPTIMIZATION_LEVEL = "-Onone";
			};
			name = Debug;
		};
		233FC92C1FB85B15008F42E7 /* Release */ = {
			isa = XCBuildConfiguration;
			buildSettings = {
				ALWAYS_SEARCH_USER_PATHS = NO;
				CLANG_ANALYZER_NONNULL = YES;
				CLANG_ANALYZER_NUMBER_OBJECT_CONVERSION = YES_AGGRESSIVE;
				CLANG_CXX_LANGUAGE_STANDARD = "gnu++14";
				CLANG_CXX_LIBRARY = "libc++";
				CLANG_ENABLE_MODULES = YES;
				CLANG_ENABLE_OBJC_ARC = YES;
				CLANG_WARN_BLOCK_CAPTURE_AUTORELEASING = YES;
				CLANG_WARN_BOOL_CONVERSION = YES;
				CLANG_WARN_COMMA = YES;
				CLANG_WARN_CONSTANT_CONVERSION = YES;
				CLANG_WARN_DIRECT_OBJC_ISA_USAGE = YES_ERROR;
				CLANG_WARN_DOCUMENTATION_COMMENTS = YES;
				CLANG_WARN_EMPTY_BODY = YES;
				CLANG_WARN_ENUM_CONVERSION = YES;
				CLANG_WARN_INFINITE_RECURSION = YES;
				CLANG_WARN_INT_CONVERSION = YES;
				CLANG_WARN_NON_LITERAL_NULL_CONVERSION = YES;
				CLANG_WARN_OBJC_LITERAL_CONVERSION = YES;
				CLANG_WARN_OBJC_ROOT_CLASS = YES_ERROR;
				CLANG_WARN_RANGE_LOOP_ANALYSIS = YES;
				CLANG_WARN_STRICT_PROTOTYPES = YES;
				CLANG_WARN_SUSPICIOUS_MOVE = YES;
				CLANG_WARN_UNGUARDED_AVAILABILITY = YES_AGGRESSIVE;
				CLANG_WARN_UNREACHABLE_CODE = YES;
				CLANG_WARN__DUPLICATE_METHOD_MATCH = YES;
				CODE_SIGN_IDENTITY = "iPhone Developer";
				COPY_PHASE_STRIP = NO;
				DEBUG_INFORMATION_FORMAT = "dwarf-with-dsym";
				ENABLE_NS_ASSERTIONS = NO;
				ENABLE_STRICT_OBJC_MSGSEND = YES;
				GCC_C_LANGUAGE_STANDARD = gnu11;
				GCC_NO_COMMON_BLOCKS = YES;
				GCC_WARN_64_TO_32_BIT_CONVERSION = YES;
				GCC_WARN_ABOUT_RETURN_TYPE = YES_ERROR;
				GCC_WARN_UNDECLARED_SELECTOR = YES;
				GCC_WARN_UNINITIALIZED_AUTOS = YES_AGGRESSIVE;
				GCC_WARN_UNUSED_FUNCTION = YES;
				GCC_WARN_UNUSED_VARIABLE = YES;
				IPHONEOS_DEPLOYMENT_TARGET = 11.1;
				MTL_ENABLE_DEBUG_INFO = NO;
				SDKROOT = iphoneos;
				SWIFT_OPTIMIZATION_LEVEL = "-Owholemodule";
				VALIDATE_PRODUCT = YES;
			};
			name = Release;
		};
		233FC92E1FB85B15008F42E7 /* Debug */ = {
			isa = XCBuildConfiguration;
			buildSettings = {
				ASSETCATALOG_COMPILER_APPICON_NAME = AppIcon;
				CODE_SIGN_STYLE = Automatic;
				DEVELOPMENT_TEAM = X7K8D3B6VQ;
				INFOPLIST_FILE = skoal/Info.plist;
				LD_RUNPATH_SEARCH_PATHS = "$(inherited) @executable_path/Frameworks";
				PRODUCT_BUNDLE_IDENTIFIER = BANYAN.skoal;
				PRODUCT_NAME = "$(TARGET_NAME)";
				SWIFT_VERSION = 4.0;
				TARGETED_DEVICE_FAMILY = "1,2";
			};
			name = Debug;
		};
		233FC92F1FB85B15008F42E7 /* Release */ = {
			isa = XCBuildConfiguration;
			buildSettings = {
				ASSETCATALOG_COMPILER_APPICON_NAME = AppIcon;
				CODE_SIGN_STYLE = Automatic;
				DEVELOPMENT_TEAM = X7K8D3B6VQ;
				INFOPLIST_FILE = skoal/Info.plist;
				LD_RUNPATH_SEARCH_PATHS = "$(inherited) @executable_path/Frameworks";
				PRODUCT_BUNDLE_IDENTIFIER = BANYAN.skoal;
				PRODUCT_NAME = "$(TARGET_NAME)";
				SWIFT_VERSION = 4.0;
				TARGETED_DEVICE_FAMILY = "1,2";
			};
			name = Release;
		};
		233FC9311FB85B15008F42E7 /* Debug */ = {
			isa = XCBuildConfiguration;
			buildSettings = {
				ALWAYS_EMBED_SWIFT_STANDARD_LIBRARIES = YES;
				BUNDLE_LOADER = "$(TEST_HOST)";
				CODE_SIGN_STYLE = Automatic;
				DEVELOPMENT_TEAM = X7K8D3B6VQ;
				INFOPLIST_FILE = skoalTests/Info.plist;
				LD_RUNPATH_SEARCH_PATHS = "$(inherited) @executable_path/Frameworks @loader_path/Frameworks";
				PRODUCT_BUNDLE_IDENTIFIER = BANYAN.skoalTests;
				PRODUCT_NAME = "$(TARGET_NAME)";
				SWIFT_VERSION = 4.0;
				TARGETED_DEVICE_FAMILY = "1,2";
				TEST_HOST = "$(BUILT_PRODUCTS_DIR)/skoal.app/skoal";
			};
			name = Debug;
		};
		233FC9321FB85B15008F42E7 /* Release */ = {
			isa = XCBuildConfiguration;
			buildSettings = {
				ALWAYS_EMBED_SWIFT_STANDARD_LIBRARIES = YES;
				BUNDLE_LOADER = "$(TEST_HOST)";
				CODE_SIGN_STYLE = Automatic;
				DEVELOPMENT_TEAM = X7K8D3B6VQ;
				INFOPLIST_FILE = skoalTests/Info.plist;
				LD_RUNPATH_SEARCH_PATHS = "$(inherited) @executable_path/Frameworks @loader_path/Frameworks";
				PRODUCT_BUNDLE_IDENTIFIER = BANYAN.skoalTests;
				PRODUCT_NAME = "$(TARGET_NAME)";
				SWIFT_VERSION = 4.0;
				TARGETED_DEVICE_FAMILY = "1,2";
				TEST_HOST = "$(BUILT_PRODUCTS_DIR)/skoal.app/skoal";
			};
			name = Release;
		};
		233FC9341FB85B15008F42E7 /* Debug */ = {
			isa = XCBuildConfiguration;
			buildSettings = {
				ALWAYS_EMBED_SWIFT_STANDARD_LIBRARIES = YES;
				CODE_SIGN_STYLE = Automatic;
				DEVELOPMENT_TEAM = X7K8D3B6VQ;
				INFOPLIST_FILE = skoalUITests/Info.plist;
				LD_RUNPATH_SEARCH_PATHS = "$(inherited) @executable_path/Frameworks @loader_path/Frameworks";
				PRODUCT_BUNDLE_IDENTIFIER = BANYAN.skoalUITests;
				PRODUCT_NAME = "$(TARGET_NAME)";
				SWIFT_VERSION = 4.0;
				TARGETED_DEVICE_FAMILY = "1,2";
				TEST_TARGET_NAME = skoal;
			};
			name = Debug;
		};
		233FC9351FB85B15008F42E7 /* Release */ = {
			isa = XCBuildConfiguration;
			buildSettings = {
				ALWAYS_EMBED_SWIFT_STANDARD_LIBRARIES = YES;
				CODE_SIGN_STYLE = Automatic;
				DEVELOPMENT_TEAM = X7K8D3B6VQ;
				INFOPLIST_FILE = skoalUITests/Info.plist;
				LD_RUNPATH_SEARCH_PATHS = "$(inherited) @executable_path/Frameworks @loader_path/Frameworks";
				PRODUCT_BUNDLE_IDENTIFIER = BANYAN.skoalUITests;
				PRODUCT_NAME = "$(TARGET_NAME)";
				SWIFT_VERSION = 4.0;
				TARGETED_DEVICE_FAMILY = "1,2";
				TEST_TARGET_NAME = skoal;
			};
			name = Release;
		};
/* End XCBuildConfiguration section */

/* Begin XCConfigurationList section */
		233FC9001FB85B14008F42E7 /* Build configuration list for PBXProject "skoal" */ = {
			isa = XCConfigurationList;
			buildConfigurations = (
				233FC92B1FB85B15008F42E7 /* Debug */,
				233FC92C1FB85B15008F42E7 /* Release */,
			);
			defaultConfigurationIsVisible = 0;
			defaultConfigurationName = Release;
		};
		233FC92D1FB85B15008F42E7 /* Build configuration list for PBXNativeTarget "skoal" */ = {
			isa = XCConfigurationList;
			buildConfigurations = (
				233FC92E1FB85B15008F42E7 /* Debug */,
				233FC92F1FB85B15008F42E7 /* Release */,
			);
			defaultConfigurationIsVisible = 0;
			defaultConfigurationName = Release;
		};
		233FC9301FB85B15008F42E7 /* Build configuration list for PBXNativeTarget "skoalTests" */ = {
			isa = XCConfigurationList;
			buildConfigurations = (
				233FC9311FB85B15008F42E7 /* Debug */,
				233FC9321FB85B15008F42E7 /* Release */,
			);
			defaultConfigurationIsVisible = 0;
			defaultConfigurationName = Release;
		};
		233FC9331FB85B15008F42E7 /* Build configuration list for PBXNativeTarget "skoalUITests" */ = {
			isa = XCConfigurationList;
			buildConfigurations = (
				233FC9341FB85B15008F42E7 /* Debug */,
				233FC9351FB85B15008F42E7 /* Release */,
			);
			defaultConfigurationIsVisible = 0;
			defaultConfigurationName = Release;
		};
/* End XCConfigurationList section */
	};
	rootObject = 233FC8FD1FB85B14008F42E7 /* Project object */;
}
